
Microsoft Visual Studio Solution File, Format Version 12.00
# Visual Studio 14
VisualStudioVersion = 14.0.25420.1
MinimumVisualStudioVersion = 10.0.40219.1
Project("{FAE04EC0-301F-11D3-BF4B-00C04F79EFBC}") = "RegistroNotas", "RegistroNotas\RegistroNotas.csproj", "{AC32D602-B320-42EE-8CD5-9947FB5C8249}"
EndProject
Project("{FAE04EC0-301F-11D3-BF4B-00C04F79EFBC}") = "BL.Notas", "BL.Notas\BL.Notas.csproj", "{EFB7F4C8-307B-4384-B853-7C690D94BD07}"
EndProject
Global
	GlobalSection(SolutionConfigurationPlatforms) = preSolution
		Debug|Any CPU = Debug|Any CPU
		Release|Any CPU = Release|Any CPU
	EndGlobalSection
	GlobalSection(ProjectConfigurationPlatforms) = postSolution
		{AC32D602-B320-42EE-8CD5-9947FB5C8249}.Debug|Any CPU.ActiveCfg = Debug|Any CPU
		{AC32D602-B320-42EE-8CD5-9947FB5C8249}.Debug|Any CPU.Build.0 = Debug|Any CPU
		{AC32D602-B320-42EE-8CD5-9947FB5C8249}.Release|Any CPU.ActiveCfg = Release|Any CPU
		{AC32D602-B320-42EE-8CD5-9947FB5C8249}.Release|Any CPU.Build.0 = Release|Any CPU
		{EFB7F4C8-307B-4384-B853-7C690D94BD07}.Debug|Any CPU.ActiveCfg = Debug|Any CPU
		{EFB7F4C8-307B-4384-B853-7C690D94BD07}.Debug|Any CPU.Build.0 = Debug|Any CPU
		{EFB7F4C8-307B-4384-B853-7C690D94BD07}.Release|Any CPU.ActiveCfg = Release|Any CPU
		{EFB7F4C8-307B-4384-B853-7C690D94BD07}.Release|Any CPU.Build.0 = Release|Any CPU
	EndGlobalSection
	GlobalSection(SolutionProperties) = preSolution
		HideSolutionNode = FALSE
	EndGlobalSection
EndGlobal
